// !$*UTF8*$!
{
	archiveVersion = 1;
	classes = {
	};
	objectVersion = 46;
	objects = {

/* Begin PBXBuildFile section */
		BEB526A11E92C46300120FEE /* main.cpp in Sources */ = {isa = PBXBuildFile; fileRef = BEB526A01E92C46300120FEE /* main.cpp */; };
/* End PBXBuildFile section */

/* Begin PBXCopyFilesBuildPhase section */
		BEB5269B1E92C46300120FEE /* CopyFiles */ = {
			isa = PBXCopyFilesBuildPhase;
			buildActionMask = 2147483647;
			dstPath = /usr/share/man/man1/;
			dstSubfolderSpec = 0;
			files = (
			);
			runOnlyForDeploymentPostprocessing = 1;
		};
/* End PBXCopyFilesBuildPhase section */

/* Begin PBXFileReference section */
		BEB5269D1E92C46300120FEE /* EvenFibonaccinumbers */ = {isa = PBXFileReference; explicitFileType = "compiled.mach-o.executable"; includeInIndex = 0; path = EvenFibonaccinumbers; sourceTree = BUILT_PRODUCTS_DIR; };
		BEB526A01E92C46300120FEE /* main.cpp */ = {isa = PBXFileReference; lastKnownFileType = sourcecode.cpp.cpp; path = main.cpp; sourceTree = "<group>"; };
/* End PBXFileReference section */

/* Begin PBXFrameworksBuildPhase section */
		BEB5269A1E92C46300120FEE /* Frameworks */ = {
			isa = PBXFrameworksBuildPhase;
			buildActionMask = 2147483647;
			files = (
			);
			runOnlyForDeploymentPostprocessing = 0;
		};
/* End PBXFrameworksBuildPhase section */

/* Begin PBXGroup section */
		BEB526941E92C46200120FEE = {
			isa = PBXGroup;
			children = (
				BEB5269F1E92C46300120FEE /* EvenFibonaccinumbers */,
				BEB5269E1E92C46300120FEE /* Products */,
			);
			sourceTree = "<group>";
		};
		BEB5269E1E92C46300120FEE /* Products */ = {
			isa = PBXGroup;
			children = (
				BEB5269D1E92C46300120FEE /* EvenFibonaccinumbers */,
			);
			name = Products;
			sourceTree = "<group>";
		};
		BEB5269F1E92C46300120FEE /* EvenFibonaccinumbers */ = {
			isa = PBXGroup;
			children = (
				BEB526A01E92C46300120FEE /* main.cpp */,
			);
			path = EvenFibonaccinumbers;
			sourceTree = "<group>";
		};
/* End PBXGroup section */

/* Begin PBXNativeTarget section */
		BEB5269C1E92C46300120FEE /* EvenFibonaccinumbers */ = {
			isa = PBXNativeTarget;
			buildConfigurationList = BEB526A41E92C46300120FEE /* Build configuration list for PBXNativeTarget "EvenFibonaccinumbers" */;
			buildPhases = (
				BEB526991E92C46300120FEE /* Sources */,
				BEB5269A1E92C46300120FEE /* Frameworks */,
				BEB5269B1E92C46300120FEE /* CopyFiles */,
			);
			buildRules = (
			);
			dependencies = (
			);
			name = EvenFibonaccinumbers;
			productName = EvenFibonaccinumbers;
			productReference = BEB5269D1E92C46300120FEE /* EvenFibonaccinumbers */;
			productType = "com.apple.product-type.tool";
		};
/* End PBXNativeTarget section */

/* Begin PBXProject section */
		BEB526951E92C46300120FEE /* Project object */ = {
			isa = PBXProject;
			attributes = {
				LastUpgradeCheck = 0730;
				ORGANIZATIONNAME = Shruti;
				TargetAttributes = {
					BEB5269C1E92C46300120FEE = {
						CreatedOnToolsVersion = 7.3;
					};
				};
			};
			buildConfigurationList = BEB526981E92C46300120FEE /* Build configuration list for PBXProject "EvenFibonaccinumbers" */;
			compatibilityVersion = "Xcode 3.2";
			developmentRegion = English;
			hasScannedForEncodings = 0;
			knownRegions = (
				en,
			);
			mainGroup = BEB526941E92C46200120FEE;
			productRefGroup = BEB5269E1E92C46300120FEE /* Products */;
			projectDirPath = "";
			projectRoot = "";
			targets = (
				BEB5269C1E92C46300120FEE /* EvenFibonaccinumbers */,
			);
		};
/* End PBXProject section */

/* Begin PBXSourcesBuildPhase section */
		BEB526991E92C46300120FEE /* Sources */ = {
			isa = PBXSourcesBuildPhase;
			buildActionMask = 2147483647;
			files = (
				BEB526A11E92C46300120FEE /* main.cpp in Sources */,
			);
			runOnlyForDeploymentPostprocessing = 0;
		};
/* End PBXSourcesBuildPhase section */

/* Begin XCBuildConfiguration section */
		BEB526A21E92C46300120FEE /* Debug */ = {
			isa = XCBuildConfiguration;
			buildSettings = {
				ALWAYS_SEARCH_USER_PATHS = NO;
				CLANG_ANALYZER_NONNULL = YES;
				CLANG_CXX_LANGUAGE_STANDARD = "gnu++0x";
				CLANG_CXX_LIBRARY = "libc++";
				CLANG_ENABLE_MODULES = YES;
				CLANG_ENABLE_OBJC_ARC = YES;
				CLANG_WARN_BOOL_CONVERSION = YES;
				CLANG_WARN_CONSTANT_CONVERSION = YES;
				CLANG_WARN_DIRECT_OBJC_ISA_USAGE = YES_ERROR;
				CLANG_WARN_EMPTY_BODY = YES;
				CLANG_WARN_ENUM_CONVERSION = YES;
				CLANG_WARN_INT_CONVERSION = YES;
				CLANG_WARN_OBJC_ROOT_CLASS = YES_ERROR;
				CLANG_WARN_UNREACHABLE_CODE = YES;
				CLANG_WARN__DUPLICATE_METHOD_MATCH = YES;
				CODE_SIGN_IDENTITY = "-";
				COPY_PHASE_STRIP = NO;
				DEBUG_INFORMATION_FORMAT = dwarf;
				ENABLE_STRICT_OBJC_MSGSEND = YES;
				ENABLE_TESTABILITY = YES;
				GCC_C_LANGUAGE_STANDARD = gnu99;
				GCC_DYNAMIC_NO_PIC = NO;
				GCC_NO_COMMON_BLOCKS = YES;
				GCC_OPTIMIZATION_LEVEL = 0;
				GCC_PREPROCESSOR_DEFINITIONS = (
					"DEBUG=1",
					"$(inherited)",
				);
				GCC_WARN_64_TO_32_BIT_CONVERSION = YES;
				GCC_WARN_ABOUT_RETURN_TYPE = YES_ERROR;
				GCC_WARN_UNDECLARED_SELECTOR = YES;
				GCC_WARN_UNINITIALIZED_AUTOS = YES_AGGRESSIVE;
				GCC_WARN_UNUSED_FUNCTION = YES;
				GCC_WARN_UNUSED_VARIABLE = YES;
				MACOSX_DEPLOYMENT_TARGET = 10.11;
				MTL_ENABLE_DEBUG_INFO = YES;
				ONLY_ACTIVE_ARCH = YES;
				SDKROOT = macosx;
			};
			name = Debug;
		};
		BEB526A31E92C46300120FEE /* Release */ = {
			isa = XCBuildConfiguration;
			buildSettings = {
				ALWAYS_SEARCH_USER_PATHS = NO;
				CLANG_ANALYZER_NONNULL = YES;
				CLANG_CXX_LANGUAGE_STANDARD = "gnu++0x";
				CLANG_CXX_LIBRARY = "libc++";
				CLANG_ENABLE_MODULES = YES;
				CLANG_ENABLE_OBJC_ARC = YES;
				CLANG_WARN_BOOL_CONVERSION = YES;
				CLANG_WARN_CONSTANT_CONVERSION = YES;
				CLANG_WARN_DIRECT_OBJC_ISA_USAGE = YES_ERROR;
				CLANG_WARN_EMPTY_BODY = YES;
				CLANG_WARN_ENUM_CONVERSION = YES;
				CLANG_WARN_INT_CONVERSION = YES;
				CLANG_WARN_OBJC_ROOT_CLASS = YES_ERROR;
				CLANG_WARN_UNREACHABLE_CODE = YES;
				CLANG_WARN__DUPLICATE_METHOD_MATCH = YES;
				CODE_SIGN_IDENTITY = "-";
				COPY_PHASE_STRIP = NO;
				DEBUG_INFORMATION_FORMAT = "dwarf-with-dsym";
				ENABLE_NS_ASSERTIONS = NO;
				ENABLE_STRICT_OBJC_MSGSEND = YES;
				GCC_C_LANGUAGE_STANDARD = gnu99;
				GCC_NO_COMMON_BLOCKS = YES;
				GCC_WARN_64_TO_32_BIT_CONVERSION = YES;
				GCC_WARN_ABOUT_RETURN_TYPE = YES_ERROR;
				GCC_WARN_UNDECLARED_SELECTOR = YES;
				GCC_WARN_UNINITIALIZED_AUTOS = YES_AGGRESSIVE;
				GCC_WARN_UNUSED_FUNCTION = YES;
				GCC_WARN_UNUSED_VARIABLE = YES;
				MACOSX_DEPLOYMENT_TARGET = 10.11;
				MTL_ENABLE_DEBUG_INFO = NO;
				SDKROOT = macosx;
			};
			name = Release;
		};
		BEB526A51E92C46300120FEE /* Debug */ = {
			isa = XCBuildConfiguration;
			buildSettings = {
				PRODUCT_NAME = "$(TARGET_NAME)";
			};
			name = Debug;
		};
		BEB526A61E92C46300120FEE /* Release */ = {
			isa = XCBuildConfiguration;
			buildSettings = {
				PRODUCT_NAME = "$(TARGET_NAME)";
			};
			name = Release;
		};
/* End XCBuildConfiguration section */

/* Begin XCConfigurationList section */
		BEB526981E92C46300120FEE /* Build configuration list for PBXProject "EvenFibonaccinumbers" */ = {
			isa = XCConfigurationList;
			buildConfigurations = (
				BEB526A21E92C46300120FEE /* Debug */,
				BEB526A31E92C46300120FEE /* Release */,
			);
			defaultConfigurationIsVisible = 0;
			defaultConfigurationName = Release;
		};
		BEB526A41E92C46300120FEE /* Build configuration list for PBXNativeTarget "EvenFibonaccinumbers" */ = {
			isa = XCConfigurationList;
			buildConfigurations = (
				BEB526A51E92C46300120FEE /* Debug */,
				BEB526A61E92C46300120FEE /* Release */,
			);
			defaultConfigurationIsVisible = 0;
		};
/* End XCConfigurationList section */
	};
	rootObject = BEB526951E92C46300120FEE /* Project object */;
}
